
Microsoft Visual Studio Solution File, Format Version 12.00
# Visual Studio 2015
Project("{FAE04EC0-301F-11D3-BF4B-00C04F79EFBC}") = "Brunetons-Improved-Atmospheric-Scattering", "Brunetons-Improved-Atmospheric-Scattering.csproj", "{661B8BF6-636B-EBC7-54C9-5210262A226E}"
EndProject
Global
	GlobalSection(SolutionConfigurationPlatforms) = preSolution
		Debug|Any CPU = Debug|Any CPU
		Release|Any CPU = Release|Any CPU
	EndGlobalSection
	GlobalSection(ProjectConfigurationPlatforms) = postSolution
		{661B8BF6-636B-EBC7-54C9-5210262A226E}.Debug|Any CPU.ActiveCfg = Debug|Any CPU
		{661B8BF6-636B-EBC7-54C9-5210262A226E}.Debug|Any CPU.Build.0 = Debug|Any CPU
		{661B8BF6-636B-EBC7-54C9-5210262A226E}.Release|Any CPU.ActiveCfg = Release|Any CPU
		{661B8BF6-636B-EBC7-54C9-5210262A226E}.Release|Any CPU.Build.0 = Release|Any CPU
	EndGlobalSection
	GlobalSection(SolutionProperties) = preSolution
		HideSolutionNode = FALSE
	EndGlobalSection
EndGlobal
